{
  "name": "form-maker",
  "version": "1.0.0",
  "lockfileVersion": 1,
  "requires": true,
  "dependencies": {
    "@types/react": {
      "version": "15.0.30",
      "resolved": "https://registry.npmjs.org/@types/react/-/react-15.0.30.tgz",
      "integrity": "sha512-Az6oT3g1sep2hl37L5x1PYEJeuJ2xd3olCT7AhY2rjhXmGX+sYO0q120HJMg6EkK+GZnVNJF84puz75f4KHlGg==",
      "dev": true
    },
    "@types/react-dom": {
      "version": "15.5.0",
      "resolved": "https://registry.npmjs.org/@types/react-dom/-/react-dom-15.5.0.tgz",
      "integrity": "sha1-f0+5YT1AURQXcyQve2tfGkazS9k=",
      "dev": true,
      "requires": {
        "@types/react": "*"
      }
    },
    "asap": {
      "version": "2.0.5",
      "resolved": "http://npm.eff.com/repository/npm_all/asap/-/asap-2.0.5.tgz",
      "integrity": "sha1-UidltQw1EEkOUtfc/ghe+bqWlY8="
    },
    "create-react-class": {
      "version": "15.6.0",
      "resolved": "http://npm.eff.com/repository/npm_all/create-react-class/-/create-react-class-15.6.0.tgz",
      "integrity": "sha1-q0SEl8JlZuHilBPogyB9V8/nvtQ=",
      "requires": {
        "fbjs": "^0.8.9",
        "loose-envify": "^1.3.1",
        "object-assign": "^4.1.1"
      }
    },
    "disposables": {
      "version": "1.0.1",
      "resolved": "http://npm.eff.com/repository/npm_all/disposables/-/disposables-1.0.1.tgz",
      "integrity": "sha1-BkcnoltU9QK9griaot+4358bOeM="
    },
    "dnd-core": {
      "version": "2.4.0",
      "resolved": "http://npm.eff.com/repository/npm_all/dnd-core/-/dnd-core-2.4.0.tgz",
      "integrity": "sha1-xKW8Kup1Fk+KKV12nV9VGBDn1BE=",
      "requires": {
        "asap": "^2.0.3",
        "invariant": "^2.0.0",
        "lodash": "^4.2.0",
        "redux": "^3.2.0"
      }
    },
    "encoding": {
      "version": "0.1.12",
      "resolved": "http://npm.eff.com/repository/npm_all/encoding/-/encoding-0.1.12.tgz",
      "integrity": "sha1-U4tm8+5izRq1HsMjgp0flIDHS+s=",
      "requires": {
        "iconv-lite": "~0.4.13"
      }
    },
    "fbjs": {
      "version": "0.8.12",
      "resolved": "http://npm.eff.com/repository/npm_all/fbjs/-/fbjs-0.8.12.tgz",
      "integrity": "sha1-ELXZL3bUVXX9Y6IX1OoCvqL47QQ=",
      "requires": {
        "core-js": "^1.0.0",
        "isomorphic-fetch": "^2.1.1",
        "loose-envify": "^1.0.0",
        "object-assign": "^4.1.0",
        "promise": "^7.1.1",
        "setimmediate": "^1.0.5",
        "ua-parser-js": "^0.7.9"
      },
      "dependencies": {
        "core-js": {
          "version": "1.2.7",
          "resolved": "http://npm.eff.com/repository/npm_all/core-js/-/core-js-1.2.7.tgz",
          "integrity": "sha1-ZSKUwUZR2yj6k70tX/KYOk8IxjY="
        }
      }
    },
    "hoist-non-react-statics": {
      "version": "1.2.0",
      "resolved": "http://npm.eff.com/repository/npm_all/hoist-non-react-statics/-/hoist-non-react-statics-1.2.0.tgz",
      "integrity": "sha1-qkSM8JhtVcxAdzsXF0t90GbLfPs="
    },
    "iconv-lite": {
      "version": "0.4.18",
      "resolved": "http://npm.eff.com/repository/npm_all/iconv-lite/-/iconv-lite-0.4.18.tgz",
      "integrity": "sha512-sr1ZQph3UwHTR0XftSbK85OvBbxe/abLGzEnPENCQwmHf7sck8Oyu4ob3LgBxWWxRoM+QszeUyl7jbqapu2TqA=="
    },
    "invariant": {
      "version": "2.2.2",
      "resolved": "https://registry.npmjs.org/invariant/-/invariant-2.2.2.tgz",
      "integrity": "sha1-nh9WrArNtr8wMwbzOL47IErmA2A=",
      "requires": {
        "loose-envify": "^1.0.0"
      }
    },
    "is-stream": {
      "version": "1.1.0",
      "resolved": "http://npm.eff.com/repository/npm_all/is-stream/-/is-stream-1.1.0.tgz",
      "integrity": "sha1-EtSj3U5o4Lec6428hBc66A2RykQ="
    },
    "isomorphic-fetch": {
      "version": "2.2.1",
      "resolved": "http://npm.eff.com/repository/npm_all/isomorphic-fetch/-/isomorphic-fetch-2.2.1.tgz",
      "integrity": "sha1-YRrhrPFPXoH3KVB0coGf6XM1WKk=",
      "requires": {
        "node-fetch": "^1.0.1",
        "whatwg-fetch": ">=0.10.0"
      }
    },
    "js-tokens": {
      "version": "3.0.1",
      "resolved": "https://registry.npmjs.org/js-tokens/-/js-tokens-3.0.1.tgz",
      "integrity": "sha1-COnxMkhKLEWjCQfp3E1VZ7fxFNc="
    },
    "lodash": {
      "version": "4.17.4",
      "resolved": "https://registry.npmjs.org/lodash/-/lodash-4.17.4.tgz",
      "integrity": "sha1-eCA6TRwyiuHYbcpkYONptX9AVa4="
    },
    "lodash-es": {
      "version": "4.17.4",
      "resolved": "http://npm.eff.com/repository/npm_all/lodash-es/-/lodash-es-4.17.4.tgz",
      "integrity": "sha1-3MHXVS4VCgZABzupyzHXDwMpUOc="
    },
    "loose-envify": {
      "version": "1.3.1",
      "resolved": "https://registry.npmjs.org/loose-envify/-/loose-envify-1.3.1.tgz",
      "integrity": "sha1-0aitM/qc4OcT1l/dCsi3SNR4yEg=",
      "requires": {
        "js-tokens": "^3.0.0"
      }
    },
    "node-fetch": {
      "version": "1.7.1",
      "resolved": "http://npm.eff.com/repository/npm_all/node-fetch/-/node-fetch-1.7.1.tgz",
      "integrity": "sha512-j8XsFGCLw79vWXkZtMSmmLaOk9z5SQ9bV/tkbZVCqvgwzrjAGq66igobLofHtF63NvMTp2WjytpsNTGKa+XRIQ==",
      "requires": {
        "encoding": "^0.1.11",
        "is-stream": "^1.0.1"
      }
    },
    "object-assign": {
      "version": "4.1.1",
      "resolved": "https://registry.npmjs.org/object-assign/-/object-assign-4.1.1.tgz",
      "integrity": "sha1-IQmtx5ZYh8/AXLvUQsrIv7s2CGM="
    },
    "promise": {
      "version": "7.3.1",
      "resolved": "http://npm.eff.com/repository/npm_all/promise/-/promise-7.3.1.tgz",
      "integrity": "sha512-nolQXZ/4L+bP/UGlkfaIujX9BKxGwmQ9OT4mOt5yvy8iK1h3wqTEJCijzGANTCCl9nWjY41juyAn2K3Q1hLLTg==",
      "requires": {
        "asap": "~2.0.3"
      }
    },
    "prop-types": {
      "version": "15.5.10",
      "resolved": "http://npm.eff.com/repository/npm_all/prop-types/-/prop-types-15.5.10.tgz",
      "integrity": "sha1-J5ffwxJhguOpXj37suiT3ddFYVQ=",
      "requires": {
        "fbjs": "^0.8.9",
        "loose-envify": "^1.3.1"
      }
    },
    "react": {
      "version": "15.6.1",
      "resolved": "http://npm.eff.com/repository/npm_all/react/-/react-15.6.1.tgz",
      "integrity": "sha1-uqhDTsZ4C96ZfNw4C3nNM7ljk98=",
      "requires": {
        "create-react-class": "^15.6.0",
        "fbjs": "^0.8.9",
        "loose-envify": "^1.1.0",
        "object-assign": "^4.1.0",
        "prop-types": "^15.5.10"
      }
    },
    "react-dnd": {
      "version": "2.4.0",
      "resolved": "http://npm.eff.com/repository/npm_all/react-dnd/-/react-dnd-2.4.0.tgz",
      "integrity": "sha1-lvAELNTNN1tPDDQT9uyE0me315I=",
      "requires": {
        "disposables": "^1.0.1",
        "dnd-core": "^2.4.0",
        "hoist-non-react-statics": "^1.2.0",
        "invariant": "^2.1.0",
        "lodash": "^4.2.0",
        "prop-types": "^15.5.8"
      }
    },
    "react-dnd-html5-backend": {
      "version": "2.4.1",
      "resolved": "http://npm.eff.com/repository/npm_all/react-dnd-html5-backend/-/react-dnd-html5-backend-2.4.1.tgz",
      "integrity": "sha1-Q50ryvi9i4elE4a+tRwSiCYYLd0=",
      "requires": {
        "lodash": "^4.2.0"
      }
    },
    "react-dom": {
      "version": "15.6.1",
      "resolved": "https://registry.npmjs.org/react-dom/-/react-dom-15.6.1.tgz",
      "integrity": "sha1-LLDtQZEDjlPCCes6eaI+Kkz5lHA=",
      "requires": {
        "fbjs": "^0.8.9",
        "loose-envify": "^1.1.0",
        "object-assign": "^4.1.0",
        "prop-types": "^15.5.10"
      }
    },
    "redux": {
      "version": "3.7.0",
      "resolved": "http://npm.eff.com/repository/npm_all/redux/-/redux-3.7.0.tgz",
      "integrity": "sha512-GHjaOkEQtQnnuLoYPFkRKHIqs1i1tdTlisu/xUHfk2juzCobSy4STxs4Lz5bPkc07Owb6BeGKx/r76c9IVTkOw==",
      "requires": {
        "lodash": "^4.2.1",
        "lodash-es": "^4.2.1",
        "loose-envify": "^1.1.0",
        "symbol-observable": "^1.0.3"
      }
    },
    "setimmediate": {
      "version": "1.0.5",
      "resolved": "https://registry.npmjs.org/setimmediate/-/setimmediate-1.0.5.tgz",
      "integrity": "sha1-KQy7Iy4waULX1+qbg3Mqt4VvgoU="
    },
    "symbol-observable": {
      "version": "1.0.4",
      "resolved": "http://npm.eff.com/repository/npm_all/symbol-observable/-/symbol-observable-1.0.4.tgz",
      "integrity": "sha1-Kb9hXUqnEhvdiYsi1LP5vE4qoD0="
    },
    "typescript": {
      "version": "2.3.4",
      "resolved": "https://registry.npmjs.org/typescript/-/typescript-2.3.4.tgz",
      "integrity": "sha1-PTgyGCgjHkNPKHUUlZw3qCtin0I=",
      "dev": true
    },
    "ua-parser-js": {
      "version": "0.7.12",
      "resolved": "http://npm.eff.com/repository/npm_all/ua-parser-js/-/ua-parser-js-0.7.12.tgz",
      "integrity": "sha1-BMgamb3V3FImPqKdJMa/jUgYpLs="
    },
    "whatwg-fetch": {
      "version": "2.0.3",
      "resolved": "http://npm.eff.com/repository/npm_all/whatwg-fetch/-/whatwg-fetch-2.0.3.tgz",
      "integrity": "sha1-nITsLc9oGH/wC8ZOEnS0QhduHIQ="
    }
  }
}
